// !$*UTF8*$!
{
	archiveVersion = 1;
	classes = {
	};
	objectVersion = 46;
	objects = {

/* Begin PBXBuildFile section */
		A3189DD91DFD8E3E009C7755 /* AppDelegate.swift in Sources */ = {isa = PBXBuildFile; fileRef = A3189DD81DFD8E3E009C7755 /* AppDelegate.swift */; };
		A3189DDB1DFD8E3E009C7755 /* ViewController.swift in Sources */ = {isa = PBXBuildFile; fileRef = A3189DDA1DFD8E3E009C7755 /* ViewController.swift */; };
		A3189DDE1DFD8E3E009C7755 /* Main.storyboard in Resources */ = {isa = PBXBuildFile; fileRef = A3189DDC1DFD8E3E009C7755 /* Main.storyboard */; };
		A3189DE01DFD8E3E009C7755 /* Assets.xcassets in Resources */ = {isa = PBXBuildFile; fileRef = A3189DDF1DFD8E3E009C7755 /* Assets.xcassets */; };
		A3189DE31DFD8E3E009C7755 /* LaunchScreen.storyboard in Resources */ = {isa = PBXBuildFile; fileRef = A3189DE11DFD8E3E009C7755 /* LaunchScreen.storyboard */; };
		A3189DEE1DFD8E3E009C7755 /* Swift____Tests.swift in Sources */ = {isa = PBXBuildFile; fileRef = A3189DED1DFD8E3E009C7755 /* Swift____Tests.swift */; };
		A3189DF91DFD8E3E009C7755 /* Swift____UITests.swift in Sources */ = {isa = PBXBuildFile; fileRef = A3189DF81DFD8E3E009C7755 /* Swift____UITests.swift */; };
		A3189E071DFD9167009C7755 /* DemoLabel.swift in Sources */ = {isa = PBXBuildFile; fileRef = A3189E061DFD9167009C7755 /* DemoLabel.swift */; };
/* End PBXBuildFile section */

/* Begin PBXContainerItemProxy section */
		A3189DEA1DFD8E3E009C7755 /* PBXContainerItemProxy */ = {
			isa = PBXContainerItemProxy;
			containerPortal = A3189DCD1DFD8E3D009C7755 /* Project object */;
			proxyType = 1;
			remoteGlobalIDString = A3189DD41DFD8E3E009C7755;
			remoteInfo = "Swift_懒加载";
		};
		A3189DF51DFD8E3E009C7755 /* PBXContainerItemProxy */ = {
			isa = PBXContainerItemProxy;
			containerPortal = A3189DCD1DFD8E3D009C7755 /* Project object */;
			proxyType = 1;
			remoteGlobalIDString = A3189DD41DFD8E3E009C7755;
			remoteInfo = "Swift_懒加载";
		};
/* End PBXContainerItemProxy section */

/* Begin PBXFileReference section */
		A3189DD51DFD8E3E009C7755 /* Swift_懒加载.app */ = {isa = PBXFileReference; explicitFileType = wrapper.application; includeInIndex = 0; path = "Swift_懒加载.app"; sourceTree = BUILT_PRODUCTS_DIR; };
		A3189DD81DFD8E3E009C7755 /* AppDelegate.swift */ = {isa = PBXFileReference; lastKnownFileType = sourcecode.swift; path = AppDelegate.swift; sourceTree = "<group>"; };
		A3189DDA1DFD8E3E009C7755 /* ViewController.swift */ = {isa = PBXFileReference; lastKnownFileType = sourcecode.swift; path = ViewController.swift; sourceTree = "<group>"; };
		A3189DDD1DFD8E3E009C7755 /* Base */ = {isa = PBXFileReference; lastKnownFileType = file.storyboard; name = Base; path = Base.lproj/Main.storyboard; sourceTree = "<group>"; };
		A3189DDF1DFD8E3E009C7755 /* Assets.xcassets */ = {isa = PBXFileReference; lastKnownFileType = folder.assetcatalog; path = Assets.xcassets; sourceTree = "<group>"; };
		A3189DE21DFD8E3E009C7755 /* Base */ = {isa = PBXFileReference; lastKnownFileType = file.storyboard; name = Base; path = Base.lproj/LaunchScreen.storyboard; sourceTree = "<group>"; };
		A3189DE41DFD8E3E009C7755 /* Info.plist */ = {isa = PBXFileReference; lastKnownFileType = text.plist.xml; path = Info.plist; sourceTree = "<group>"; };
		A3189DE91DFD8E3E009C7755 /* Swift_懒加载Tests.xctest */ = {isa = PBXFileReference; explicitFileType = wrapper.cfbundle; includeInIndex = 0; path = "Swift_懒加载Tests.xctest"; sourceTree = BUILT_PRODUCTS_DIR; };
		A3189DED1DFD8E3E009C7755 /* Swift____Tests.swift */ = {isa = PBXFileReference; lastKnownFileType = sourcecode.swift; path = "Swift____Tests.swift"; sourceTree = "<group>"; };
		A3189DEF1DFD8E3E009C7755 /* Info.plist */ = {isa = PBXFileReference; lastKnownFileType = text.plist.xml; path = Info.plist; sourceTree = "<group>"; };
		A3189DF41DFD8E3E009C7755 /* Swift_懒加载UITests.xctest */ = {isa = PBXFileReference; explicitFileType = wrapper.cfbundle; includeInIndex = 0; path = "Swift_懒加载UITests.xctest"; sourceTree = BUILT_PRODUCTS_DIR; };
		A3189DF81DFD8E3E009C7755 /* Swift____UITests.swift */ = {isa = PBXFileReference; lastKnownFileType = sourcecode.swift; path = "Swift____UITests.swift"; sourceTree = "<group>"; };
		A3189DFA1DFD8E3E009C7755 /* Info.plist */ = {isa = PBXFileReference; lastKnownFileType = text.plist.xml; path = Info.plist; sourceTree = "<group>"; };
		A3189E061DFD9167009C7755 /* DemoLabel.swift */ = {isa = PBXFileReference; fileEncoding = 4; lastKnownFileType = sourcecode.swift; path = DemoLabel.swift; sourceTree = "<group>"; };
/* End PBXFileReference section */

/* Begin PBXFrameworksBuildPhase section */
		A3189DD21DFD8E3E009C7755 /* Frameworks */ = {
			isa = PBXFrameworksBuildPhase;
			buildActionMask = 2147483647;
			files = (
			);
			runOnlyForDeploymentPostprocessing = 0;
		};
		A3189DE61DFD8E3E009C7755 /* Frameworks */ = {
			isa = PBXFrameworksBuildPhase;
			buildActionMask = 2147483647;
			files = (
			);
			runOnlyForDeploymentPostprocessing = 0;
		};
		A3189DF11DFD8E3E009C7755 /* Frameworks */ = {
			isa = PBXFrameworksBuildPhase;
			buildActionMask = 2147483647;
			files = (
			);
			runOnlyForDeploymentPostprocessing = 0;
		};
/* End PBXFrameworksBuildPhase section */

/* Begin PBXGroup section */
		A3189DCC1DFD8E3D009C7755 = {
			isa = PBXGroup;
			children = (
				A3189DD71DFD8E3E009C7755 /* Swift_懒加载 */,
				A3189DEC1DFD8E3E009C7755 /* Swift_懒加载Tests */,
				A3189DF71DFD8E3E009C7755 /* Swift_懒加载UITests */,
				A3189DD61DFD8E3E009C7755 /* Products */,
			);
			sourceTree = "<group>";
		};
		A3189DD61DFD8E3E009C7755 /* Products */ = {
			isa = PBXGroup;
			children = (
				A3189DD51DFD8E3E009C7755 /* Swift_懒加载.app */,
				A3189DE91DFD8E3E009C7755 /* Swift_懒加载Tests.xctest */,
				A3189DF41DFD8E3E009C7755 /* Swift_懒加载UITests.xctest */,
			);
			name = Products;
			sourceTree = "<group>";
		};
		A3189DD71DFD8E3E009C7755 /* Swift_懒加载 */ = {
			isa = PBXGroup;
			children = (
				A3189DD81DFD8E3E009C7755 /* AppDelegate.swift */,
				A3189DDA1DFD8E3E009C7755 /* ViewController.swift */,
				A3189E061DFD9167009C7755 /* DemoLabel.swift */,
				A3189DDC1DFD8E3E009C7755 /* Main.storyboard */,
				A3189DDF1DFD8E3E009C7755 /* Assets.xcassets */,
				A3189DE11DFD8E3E009C7755 /* LaunchScreen.storyboard */,
				A3189DE41DFD8E3E009C7755 /* Info.plist */,
			);
			path = "Swift_懒加载";
			sourceTree = "<group>";
		};
		A3189DEC1DFD8E3E009C7755 /* Swift_懒加载Tests */ = {
			isa = PBXGroup;
			children = (
				A3189DED1DFD8E3E009C7755 /* Swift____Tests.swift */,
				A3189DEF1DFD8E3E009C7755 /* Info.plist */,
			);
			path = "Swift_懒加载Tests";
			sourceTree = "<group>";
		};
		A3189DF71DFD8E3E009C7755 /* Swift_懒加载UITests */ = {
			isa = PBXGroup;
			children = (
				A3189DF81DFD8E3E009C7755 /* Swift____UITests.swift */,
				A3189DFA1DFD8E3E009C7755 /* Info.plist */,
			);
			path = "Swift_懒加载UITests";
			sourceTree = "<group>";
		};
/* End PBXGroup section */

/* Begin PBXNativeTarget section */
		A3189DD41DFD8E3E009C7755 /* Swift_懒加载 */ = {
			isa = PBXNativeTarget;
			buildConfigurationList = A3189DFD1DFD8E3E009C7755 /* Build configuration list for PBXNativeTarget "Swift_懒加载" */;
			buildPhases = (
				A3189DD11DFD8E3E009C7755 /* Sources */,
				A3189DD21DFD8E3E009C7755 /* Frameworks */,
				A3189DD31DFD8E3E009C7755 /* Resources */,
			);
			buildRules = (
			);
			dependencies = (
			);
			name = "Swift_懒加载";
			productName = "Swift_懒加载";
			productReference = A3189DD51DFD8E3E009C7755 /* Swift_懒加载.app */;
			productType = "com.apple.product-type.application";
		};
		A3189DE81DFD8E3E009C7755 /* Swift_懒加载Tests */ = {
			isa = PBXNativeTarget;
			buildConfigurationList = A3189E001DFD8E3E009C7755 /* Build configuration list for PBXNativeTarget "Swift_懒加载Tests" */;
			buildPhases = (
				A3189DE51DFD8E3E009C7755 /* Sources */,
				A3189DE61DFD8E3E009C7755 /* Frameworks */,
				A3189DE71DFD8E3E009C7755 /* Resources */,
			);
			buildRules = (
			);
			dependencies = (
				A3189DEB1DFD8E3E009C7755 /* PBXTargetDependency */,
			);
			name = "Swift_懒加载Tests";
			productName = "Swift_懒加载Tests";
			productReference = A3189DE91DFD8E3E009C7755 /* Swift_懒加载Tests.xctest */;
			productType = "com.apple.product-type.bundle.unit-test";
		};
		A3189DF31DFD8E3E009C7755 /* Swift_懒加载UITests */ = {
			isa = PBXNativeTarget;
			buildConfigurationList = A3189E031DFD8E3E009C7755 /* Build configuration list for PBXNativeTarget "Swift_懒加载UITests" */;
			buildPhases = (
				A3189DF01DFD8E3E009C7755 /* Sources */,
				A3189DF11DFD8E3E009C7755 /* Frameworks */,
				A3189DF21DFD8E3E009C7755 /* Resources */,
			);
			buildRules = (
			);
			dependencies = (
				A3189DF61DFD8E3E009C7755 /* PBXTargetDependency */,
			);
			name = "Swift_懒加载UITests";
			productName = "Swift_懒加载UITests";
			productReference = A3189DF41DFD8E3E009C7755 /* Swift_懒加载UITests.xctest */;
			productType = "com.apple.product-type.bundle.ui-testing";
		};
/* End PBXNativeTarget section */

/* Begin PBXProject section */
		A3189DCD1DFD8E3D009C7755 /* Project object */ = {
			isa = PBXProject;
			attributes = {
				LastSwiftUpdateCheck = 0800;
				LastUpgradeCheck = 0800;
				ORGANIZATIONNAME = tema;
				TargetAttributes = {
					A3189DD41DFD8E3E009C7755 = {
						CreatedOnToolsVersion = 8.0;
						DevelopmentTeam = NSP28TH28W;
						ProvisioningStyle = Automatic;
					};
					A3189DE81DFD8E3E009C7755 = {
						CreatedOnToolsVersion = 8.0;
						DevelopmentTeam = NSP28TH28W;
						ProvisioningStyle = Automatic;
						TestTargetID = A3189DD41DFD8E3E009C7755;
					};
					A3189DF31DFD8E3E009C7755 = {
						CreatedOnToolsVersion = 8.0;
						DevelopmentTeam = NSP28TH28W;
						ProvisioningStyle = Automatic;
						TestTargetID = A3189DD41DFD8E3E009C7755;
					};
				};
			};
			buildConfigurationList = A3189DD01DFD8E3D009C7755 /* Build configuration list for PBXProject "Swift_懒加载" */;
			compatibilityVersion = "Xcode 3.2";
			developmentRegion = English;
			hasScannedForEncodings = 0;
			knownRegions = (
				en,
				Base,
			);
			mainGroup = A3189DCC1DFD8E3D009C7755;
			productRefGroup = A3189DD61DFD8E3E009C7755 /* Products */;
			projectDirPath = "";
			projectRoot = "";
			targets = (
				A3189DD41DFD8E3E009C7755 /* Swift_懒加载 */,
				A3189DE81DFD8E3E009C7755 /* Swift_懒加载Tests */,
				A3189DF31DFD8E3E009C7755 /* Swift_懒加载UITests */,
			);
		};
/* End PBXProject section */

/* Begin PBXResourcesBuildPhase section */
		A3189DD31DFD8E3E009C7755 /* Resources */ = {
			isa = PBXResourcesBuildPhase;
			buildActionMask = 2147483647;
			files = (
				A3189DE31DFD8E3E009C7755 /* LaunchScreen.storyboard in Resources */,
				A3189DE01DFD8E3E009C7755 /* Assets.xcassets in Resources */,
				A3189DDE1DFD8E3E009C7755 /* Main.storyboard in Resources */,
			);
			runOnlyForDeploymentPostprocessing = 0;
		};
		A3189DE71DFD8E3E009C7755 /* Resources */ = {
			isa = PBXResourcesBuildPhase;
			buildActionMask = 2147483647;
			files = (
			);
			runOnlyForDeploymentPostprocessing = 0;
		};
		A3189DF21DFD8E3E009C7755 /* Resources */ = {
			isa = PBXResourcesBuildPhase;
			buildActionMask = 2147483647;
			files = (
			);
			runOnlyForDeploymentPostprocessing = 0;
		};
/* End PBXResourcesBuildPhase section */

/* Begin PBXSourcesBuildPhase section */
		A3189DD11DFD8E3E009C7755 /* Sources */ = {
			isa = PBXSourcesBuildPhase;
			buildActionMask = 2147483647;
			files = (
				A3189DDB1DFD8E3E009C7755 /* ViewController.swift in Sources */,
				A3189DD91DFD8E3E009C7755 /* AppDelegate.swift in Sources */,
				A3189E071DFD9167009C7755 /* DemoLabel.swift in Sources */,
			);
			runOnlyForDeploymentPostprocessing = 0;
		};
		A3189DE51DFD8E3E009C7755 /* Sources */ = {
			isa = PBXSourcesBuildPhase;
			buildActionMask = 2147483647;
			files = (
				A3189DEE1DFD8E3E009C7755 /* Swift____Tests.swift in Sources */,
			);
			runOnlyForDeploymentPostprocessing = 0;
		};
		A3189DF01DFD8E3E009C7755 /* Sources */ = {
			isa = PBXSourcesBuildPhase;
			buildActionMask = 2147483647;
			files = (
				A3189DF91DFD8E3E009C7755 /* Swift____UITests.swift in Sources */,
			);
			runOnlyForDeploymentPostprocessing = 0;
		};
/* End PBXSourcesBuildPhase section */

/* Begin PBXTargetDependency section */
		A3189DEB1DFD8E3E009C7755 /* PBXTargetDependency */ = {
			isa = PBXTargetDependency;
			target = A3189DD41DFD8E3E009C7755 /* Swift_懒加载 */;
			targetProxy = A3189DEA1DFD8E3E009C7755 /* PBXContainerItemProxy */;
		};
		A3189DF61DFD8E3E009C7755 /* PBXTargetDependency */ = {
			isa = PBXTargetDependency;
			target = A3189DD41DFD8E3E009C7755 /* Swift_懒加载 */;
			targetProxy = A3189DF51DFD8E3E009C7755 /* PBXContainerItemProxy */;
		};
/* End PBXTargetDependency section */

/* Begin PBXVariantGroup section */
		A3189DDC1DFD8E3E009C7755 /* Main.storyboard */ = {
			isa = PBXVariantGroup;
			children = (
				A3189DDD1DFD8E3E009C7755 /* Base */,
			);
			name = Main.storyboard;
			sourceTree = "<group>";
		};
		A3189DE11DFD8E3E009C7755 /* LaunchScreen.storyboard */ = {
			isa = PBXVariantGroup;
			children = (
				A3189DE21DFD8E3E009C7755 /* Base */,
			);
			name = LaunchScreen.storyboard;
			sourceTree = "<group>";
		};
/* End PBXVariantGroup section */

/* Begin XCBuildConfiguration section */
		A3189DFB1DFD8E3E009C7755 /* Debug */ = {
			isa = XCBuildConfiguration;
			buildSettings = {
				ALWAYS_SEARCH_USER_PATHS = NO;
				CLANG_ANALYZER_NONNULL = YES;
				CLANG_CXX_LANGUAGE_STANDARD = "gnu++0x";
				CLANG_CXX_LIBRARY = "libc++";
				CLANG_ENABLE_MODULES = YES;
				CLANG_ENABLE_OBJC_ARC = YES;
				CLANG_WARN_BOOL_CONVERSION = YES;
				CLANG_WARN_CONSTANT_CONVERSION = YES;
				CLANG_WARN_DIRECT_OBJC_ISA_USAGE = YES_ERROR;
				CLANG_WARN_DOCUMENTATION_COMMENTS = YES;
				CLANG_WARN_EMPTY_BODY = YES;
				CLANG_WARN_ENUM_CONVERSION = YES;
				CLANG_WARN_INFINITE_RECURSION = YES;
				CLANG_WARN_INT_CONVERSION = YES;
				CLANG_WARN_OBJC_ROOT_CLASS = YES_ERROR;
				CLANG_WARN_SUSPICIOUS_MOVES = YES;
				CLANG_WARN_UNREACHABLE_CODE = YES;
				CLANG_WARN__DUPLICATE_METHOD_MATCH = YES;
				"CODE_SIGN_IDENTITY[sdk=iphoneos*]" = "iPhone Developer";
				COPY_PHASE_STRIP = NO;
				DEBUG_INFORMATION_FORMAT = dwarf;
				ENABLE_STRICT_OBJC_MSGSEND = YES;
				ENABLE_TESTABILITY = YES;
				GCC_C_LANGUAGE_STANDARD = gnu99;
				GCC_DYNAMIC_NO_PIC = NO;
				GCC_NO_COMMON_BLOCKS = YES;
				GCC_OPTIMIZATION_LEVEL = 0;
				GCC_PREPROCESSOR_DEFINITIONS = (
					"DEBUG=1",
					"$(inherited)",
				);
				GCC_WARN_64_TO_32_BIT_CONVERSION = YES;
				GCC_WARN_ABOUT_RETURN_TYPE = YES_ERROR;
				GCC_WARN_UNDECLARED_SELECTOR = YES;
				GCC_WARN_UNINITIALIZED_AUTOS = YES_AGGRESSIVE;
				GCC_WARN_UNUSED_FUNCTION = YES;
				GCC_WARN_UNUSED_VARIABLE = YES;
				IPHONEOS_DEPLOYMENT_TARGET = 10.0;
				MTL_ENABLE_DEBUG_INFO = YES;
				ONLY_ACTIVE_ARCH = YES;
				SDKROOT = iphoneos;
				SWIFT_ACTIVE_COMPILATION_CONDITIONS = DEBUG;
				SWIFT_OPTIMIZATION_LEVEL = "-Onone";
			};
			name = Debug;
		};
		A3189DFC1DFD8E3E009C7755 /* Release */ = {
			isa = XCBuildConfiguration;
			buildSettings = {
				ALWAYS_SEARCH_USER_PATHS = NO;
				CLANG_ANALYZER_NONNULL = YES;
				CLANG_CXX_LANGUAGE_STANDARD = "gnu++0x";
				CLANG_CXX_LIBRARY = "libc++";
				CLANG_ENABLE_MODULES = YES;
				CLANG_ENABLE_OBJC_ARC = YES;
				CLANG_WARN_BOOL_CONVERSION = YES;
				CLANG_WARN_CONSTANT_CONVERSION = YES;
				CLANG_WARN_DIRECT_OBJC_ISA_USAGE = YES_ERROR;
				CLANG_WARN_DOCUMENTATION_COMMENTS = YES;
				CLANG_WARN_EMPTY_BODY = YES;
				CLANG_WARN_ENUM_CONVERSION = YES;
				CLANG_WARN_INFINITE_RECURSION = YES;
				CLANG_WARN_INT_CONVERSION = YES;
				CLANG_WARN_OBJC_ROOT_CLASS = YES_ERROR;
				CLANG_WARN_SUSPICIOUS_MOVES = YES;
				CLANG_WARN_UNREACHABLE_CODE = YES;
				CLANG_WARN__DUPLICATE_METHOD_MATCH = YES;
				"CODE_SIGN_IDENTITY[sdk=iphoneos*]" = "iPhone Developer";
				COPY_PHASE_STRIP = NO;
				DEBUG_INFORMATION_FORMAT = "dwarf-with-dsym";
				ENABLE_NS_ASSERTIONS = NO;
				ENABLE_STRICT_OBJC_MSGSEND = YES;
				GCC_C_LANGUAGE_STANDARD = gnu99;
				GCC_NO_COMMON_BLOCKS = YES;
				GCC_WARN_64_TO_32_BIT_CONVERSION = YES;
				GCC_WARN_ABOUT_RETURN_TYPE = YES_ERROR;
				GCC_WARN_UNDECLARED_SELECTOR = YES;
				GCC_WARN_UNINITIALIZED_AUTOS = YES_AGGRESSIVE;
				GCC_WARN_UNUSED_FUNCTION = YES;
				GCC_WARN_UNUSED_VARIABLE = YES;
				IPHONEOS_DEPLOYMENT_TARGET = 10.0;
				MTL_ENABLE_DEBUG_INFO = NO;
				SDKROOT = iphoneos;
				SWIFT_OPTIMIZATION_LEVEL = "-Owholemodule";
				VALIDATE_PRODUCT = YES;
			};
			name = Release;
		};
		A3189DFE1DFD8E3E009C7755 /* Debug */ = {
			isa = XCBuildConfiguration;
			buildSettings = {
				ASSETCATALOG_COMPILER_APPICON_NAME = AppIcon;
				DEVELOPMENT_TEAM = NSP28TH28W;
				INFOPLIST_FILE = "Swift_懒加载/Info.plist";
				LD_RUNPATH_SEARCH_PATHS = "$(inherited) @executable_path/Frameworks";
				PRODUCT_BUNDLE_IDENTIFIER = "com.tema.Swift----";
				PRODUCT_NAME = "$(TARGET_NAME)";
				SWIFT_VERSION = 3.0;
			};
			name = Debug;
		};
		A3189DFF1DFD8E3E009C7755 /* Release */ = {
			isa = XCBuildConfiguration;
			buildSettings = {
				ASSETCATALOG_COMPILER_APPICON_NAME = AppIcon;
				DEVELOPMENT_TEAM = NSP28TH28W;
				INFOPLIST_FILE = "Swift_懒加载/Info.plist";
				LD_RUNPATH_SEARCH_PATHS = "$(inherited) @executable_path/Frameworks";
				PRODUCT_BUNDLE_IDENTIFIER = "com.tema.Swift----";
				PRODUCT_NAME = "$(TARGET_NAME)";
				SWIFT_VERSION = 3.0;
			};
			name = Release;
		};
		A3189E011DFD8E3E009C7755 /* Debug */ = {
			isa = XCBuildConfiguration;
			buildSettings = {
				ALWAYS_EMBED_SWIFT_STANDARD_LIBRARIES = YES;
				BUNDLE_LOADER = "$(TEST_HOST)";
				DEVELOPMENT_TEAM = NSP28TH28W;
				INFOPLIST_FILE = "Swift_懒加载Tests/Info.plist";
				LD_RUNPATH_SEARCH_PATHS = "$(inherited) @executable_path/Frameworks @loader_path/Frameworks";
				PRODUCT_BUNDLE_IDENTIFIER = "com.tema.Swift----Tests";
				PRODUCT_NAME = "$(TARGET_NAME)";
				SWIFT_VERSION = 3.0;
				TEST_HOST = "$(BUILT_PRODUCTS_DIR)/Swift_懒加载.app/Swift_懒加载";
			};
			name = Debug;
		};
		A3189E021DFD8E3E009C7755 /* Release */ = {
			isa = XCBuildConfiguration;
			buildSettings = {
				ALWAYS_EMBED_SWIFT_STANDARD_LIBRARIES = YES;
				BUNDLE_LOADER = "$(TEST_HOST)";
				DEVELOPMENT_TEAM = NSP28TH28W;
				INFOPLIST_FILE = "Swift_懒加载Tests/Info.plist";
				LD_RUNPATH_SEARCH_PATHS = "$(inherited) @executable_path/Frameworks @loader_path/Frameworks";
				PRODUCT_BUNDLE_IDENTIFIER = "com.tema.Swift----Tests";
				PRODUCT_NAME = "$(TARGET_NAME)";
				SWIFT_VERSION = 3.0;
				TEST_HOST = "$(BUILT_PRODUCTS_DIR)/Swift_懒加载.app/Swift_懒加载";
			};
			name = Release;
		};
		A3189E041DFD8E3E009C7755 /* Debug */ = {
			isa = XCBuildConfiguration;
			buildSettings = {
				ALWAYS_EMBED_SWIFT_STANDARD_LIBRARIES = YES;
				DEVELOPMENT_TEAM = NSP28TH28W;
				INFOPLIST_FILE = "Swift_懒加载UITests/Info.plist";
				LD_RUNPATH_SEARCH_PATHS = "$(inherited) @executable_path/Frameworks @loader_path/Frameworks";
				PRODUCT_BUNDLE_IDENTIFIER = "com.tema.Swift----UITests";
				PRODUCT_NAME = "$(TARGET_NAME)";
				SWIFT_VERSION = 3.0;
				TEST_TARGET_NAME = "Swift_懒加载";
			};
			name = Debug;
		};
		A3189E051DFD8E3E009C7755 /* Release */ = {
			isa = XCBuildConfiguration;
			buildSettings = {
				ALWAYS_EMBED_SWIFT_STANDARD_LIBRARIES = YES;
				DEVELOPMENT_TEAM = NSP28TH28W;
				INFOPLIST_FILE = "Swift_懒加载UITests/Info.plist";
				LD_RUNPATH_SEARCH_PATHS = "$(inherited) @executable_path/Frameworks @loader_path/Frameworks";
				PRODUCT_BUNDLE_IDENTIFIER = "com.tema.Swift----UITests";
				PRODUCT_NAME = "$(TARGET_NAME)";
				SWIFT_VERSION = 3.0;
				TEST_TARGET_NAME = "Swift_懒加载";
			};
			name = Release;
		};
/* End XCBuildConfiguration section */

/* Begin XCConfigurationList section */
		A3189DD01DFD8E3D009C7755 /* Build configuration list for PBXProject "Swift_懒加载" */ = {
			isa = XCConfigurationList;
			buildConfigurations = (
				A3189DFB1DFD8E3E009C7755 /* Debug */,
				A3189DFC1DFD8E3E009C7755 /* Release */,
			);
			defaultConfigurationIsVisible = 0;
			defaultConfigurationName = Release;
		};
		A3189DFD1DFD8E3E009C7755 /* Build configuration list for PBXNativeTarget "Swift_懒加载" */ = {
			isa = XCConfigurationList;
			buildConfigurations = (
				A3189DFE1DFD8E3E009C7755 /* Debug */,
				A3189DFF1DFD8E3E009C7755 /* Release */,
			);
			defaultConfigurationIsVisible = 0;
		};
		A3189E001DFD8E3E009C7755 /* Build configuration list for PBXNativeTarget "Swift_懒加载Tests" */ = {
			isa = XCConfigurationList;
			buildConfigurations = (
				A3189E011DFD8E3E009C7755 /* Debug */,
				A3189E021DFD8E3E009C7755 /* Release */,
			);
			defaultConfigurationIsVisible = 0;
		};
		A3189E031DFD8E3E009C7755 /* Build configuration list for PBXNativeTarget "Swift_懒加载UITests" */ = {
			isa = XCConfigurationList;
			buildConfigurations = (
				A3189E041DFD8E3E009C7755 /* Debug */,
				A3189E051DFD8E3E009C7755 /* Release */,
			);
			defaultConfigurationIsVisible = 0;
		};
/* End XCConfigurationList section */
	};
	rootObject = A3189DCD1DFD8E3D009C7755 /* Project object */;
}
