// !$*UTF8*$!
{
	archiveVersion = 1;
	classes = {
	};
	objectVersion = 46;
	objects = {

/* Begin PBXBuildFile section */
		A3B401C91DB79C350025EAF1 /* AppDelegate.swift in Sources */ = {isa = PBXBuildFile; fileRef = A3B401C81DB79C350025EAF1 /* AppDelegate.swift */; };
		A3B401CB1DB79C350025EAF1 /* ViewController.swift in Sources */ = {isa = PBXBuildFile; fileRef = A3B401CA1DB79C350025EAF1 /* ViewController.swift */; };
		A3B401CE1DB79C350025EAF1 /* Main.storyboard in Resources */ = {isa = PBXBuildFile; fileRef = A3B401CC1DB79C350025EAF1 /* Main.storyboard */; };
		A3B401D01DB79C350025EAF1 /* Assets.xcassets in Resources */ = {isa = PBXBuildFile; fileRef = A3B401CF1DB79C350025EAF1 /* Assets.xcassets */; };
		A3B401D31DB79C350025EAF1 /* LaunchScreen.storyboard in Resources */ = {isa = PBXBuildFile; fileRef = A3B401D11DB79C350025EAF1 /* LaunchScreen.storyboard */; };
		A3B401DE1DB79C350025EAF1 /* swift_______Tests.swift in Sources */ = {isa = PBXBuildFile; fileRef = A3B401DD1DB79C350025EAF1 /* swift_______Tests.swift */; };
		A3B401E91DB79C350025EAF1 /* swift_______UITests.swift in Sources */ = {isa = PBXBuildFile; fileRef = A3B401E81DB79C350025EAF1 /* swift_______UITests.swift */; };
/* End PBXBuildFile section */

/* Begin PBXContainerItemProxy section */
		A3B401DA1DB79C350025EAF1 /* PBXContainerItemProxy */ = {
			isa = PBXContainerItemProxy;
			containerPortal = A3B401BD1DB79C340025EAF1 /* Project object */;
			proxyType = 1;
			remoteGlobalIDString = A3B401C41DB79C340025EAF1;
			remoteInfo = "swift-字符串的子串";
		};
		A3B401E51DB79C350025EAF1 /* PBXContainerItemProxy */ = {
			isa = PBXContainerItemProxy;
			containerPortal = A3B401BD1DB79C340025EAF1 /* Project object */;
			proxyType = 1;
			remoteGlobalIDString = A3B401C41DB79C340025EAF1;
			remoteInfo = "swift-字符串的子串";
		};
/* End PBXContainerItemProxy section */

/* Begin PBXFileReference section */
		A3B401C51DB79C350025EAF1 /* swift-字符串的子串.app */ = {isa = PBXFileReference; explicitFileType = wrapper.application; includeInIndex = 0; path = "swift-字符串的子串.app"; sourceTree = BUILT_PRODUCTS_DIR; };
		A3B401C81DB79C350025EAF1 /* AppDelegate.swift */ = {isa = PBXFileReference; lastKnownFileType = sourcecode.swift; path = AppDelegate.swift; sourceTree = "<group>"; };
		A3B401CA1DB79C350025EAF1 /* ViewController.swift */ = {isa = PBXFileReference; lastKnownFileType = sourcecode.swift; path = ViewController.swift; sourceTree = "<group>"; };
		A3B401CD1DB79C350025EAF1 /* Base */ = {isa = PBXFileReference; lastKnownFileType = file.storyboard; name = Base; path = Base.lproj/Main.storyboard; sourceTree = "<group>"; };
		A3B401CF1DB79C350025EAF1 /* Assets.xcassets */ = {isa = PBXFileReference; lastKnownFileType = folder.assetcatalog; path = Assets.xcassets; sourceTree = "<group>"; };
		A3B401D21DB79C350025EAF1 /* Base */ = {isa = PBXFileReference; lastKnownFileType = file.storyboard; name = Base; path = Base.lproj/LaunchScreen.storyboard; sourceTree = "<group>"; };
		A3B401D41DB79C350025EAF1 /* Info.plist */ = {isa = PBXFileReference; lastKnownFileType = text.plist.xml; path = Info.plist; sourceTree = "<group>"; };
		A3B401D91DB79C350025EAF1 /* swift-字符串的子串Tests.xctest */ = {isa = PBXFileReference; explicitFileType = wrapper.cfbundle; includeInIndex = 0; path = "swift-字符串的子串Tests.xctest"; sourceTree = BUILT_PRODUCTS_DIR; };
		A3B401DD1DB79C350025EAF1 /* swift_______Tests.swift */ = {isa = PBXFileReference; lastKnownFileType = sourcecode.swift; path = "swift_______Tests.swift"; sourceTree = "<group>"; };
		A3B401DF1DB79C350025EAF1 /* Info.plist */ = {isa = PBXFileReference; lastKnownFileType = text.plist.xml; path = Info.plist; sourceTree = "<group>"; };
		A3B401E41DB79C350025EAF1 /* swift-字符串的子串UITests.xctest */ = {isa = PBXFileReference; explicitFileType = wrapper.cfbundle; includeInIndex = 0; path = "swift-字符串的子串UITests.xctest"; sourceTree = BUILT_PRODUCTS_DIR; };
		A3B401E81DB79C350025EAF1 /* swift_______UITests.swift */ = {isa = PBXFileReference; lastKnownFileType = sourcecode.swift; path = "swift_______UITests.swift"; sourceTree = "<group>"; };
		A3B401EA1DB79C350025EAF1 /* Info.plist */ = {isa = PBXFileReference; lastKnownFileType = text.plist.xml; path = Info.plist; sourceTree = "<group>"; };
/* End PBXFileReference section */

/* Begin PBXFrameworksBuildPhase section */
		A3B401C21DB79C340025EAF1 /* Frameworks */ = {
			isa = PBXFrameworksBuildPhase;
			buildActionMask = 2147483647;
			files = (
			);
			runOnlyForDeploymentPostprocessing = 0;
		};
		A3B401D61DB79C350025EAF1 /* Frameworks */ = {
			isa = PBXFrameworksBuildPhase;
			buildActionMask = 2147483647;
			files = (
			);
			runOnlyForDeploymentPostprocessing = 0;
		};
		A3B401E11DB79C350025EAF1 /* Frameworks */ = {
			isa = PBXFrameworksBuildPhase;
			buildActionMask = 2147483647;
			files = (
			);
			runOnlyForDeploymentPostprocessing = 0;
		};
/* End PBXFrameworksBuildPhase section */

/* Begin PBXGroup section */
		A3B401BC1DB79C340025EAF1 = {
			isa = PBXGroup;
			children = (
				A3B401C71DB79C350025EAF1 /* swift-字符串的子串 */,
				A3B401DC1DB79C350025EAF1 /* swift-字符串的子串Tests */,
				A3B401E71DB79C350025EAF1 /* swift-字符串的子串UITests */,
				A3B401C61DB79C350025EAF1 /* Products */,
			);
			sourceTree = "<group>";
		};
		A3B401C61DB79C350025EAF1 /* Products */ = {
			isa = PBXGroup;
			children = (
				A3B401C51DB79C350025EAF1 /* swift-字符串的子串.app */,
				A3B401D91DB79C350025EAF1 /* swift-字符串的子串Tests.xctest */,
				A3B401E41DB79C350025EAF1 /* swift-字符串的子串UITests.xctest */,
			);
			name = Products;
			sourceTree = "<group>";
		};
		A3B401C71DB79C350025EAF1 /* swift-字符串的子串 */ = {
			isa = PBXGroup;
			children = (
				A3B401C81DB79C350025EAF1 /* AppDelegate.swift */,
				A3B401CA1DB79C350025EAF1 /* ViewController.swift */,
				A3B401CC1DB79C350025EAF1 /* Main.storyboard */,
				A3B401CF1DB79C350025EAF1 /* Assets.xcassets */,
				A3B401D11DB79C350025EAF1 /* LaunchScreen.storyboard */,
				A3B401D41DB79C350025EAF1 /* Info.plist */,
			);
			path = "swift-字符串的子串";
			sourceTree = "<group>";
		};
		A3B401DC1DB79C350025EAF1 /* swift-字符串的子串Tests */ = {
			isa = PBXGroup;
			children = (
				A3B401DD1DB79C350025EAF1 /* swift_______Tests.swift */,
				A3B401DF1DB79C350025EAF1 /* Info.plist */,
			);
			path = "swift-字符串的子串Tests";
			sourceTree = "<group>";
		};
		A3B401E71DB79C350025EAF1 /* swift-字符串的子串UITests */ = {
			isa = PBXGroup;
			children = (
				A3B401E81DB79C350025EAF1 /* swift_______UITests.swift */,
				A3B401EA1DB79C350025EAF1 /* Info.plist */,
			);
			path = "swift-字符串的子串UITests";
			sourceTree = "<group>";
		};
/* End PBXGroup section */

/* Begin PBXNativeTarget section */
		A3B401C41DB79C340025EAF1 /* swift-字符串的子串 */ = {
			isa = PBXNativeTarget;
			buildConfigurationList = A3B401ED1DB79C350025EAF1 /* Build configuration list for PBXNativeTarget "swift-字符串的子串" */;
			buildPhases = (
				A3B401C11DB79C340025EAF1 /* Sources */,
				A3B401C21DB79C340025EAF1 /* Frameworks */,
				A3B401C31DB79C340025EAF1 /* Resources */,
			);
			buildRules = (
			);
			dependencies = (
			);
			name = "swift-字符串的子串";
			productName = "swift-字符串的子串";
			productReference = A3B401C51DB79C350025EAF1 /* swift-字符串的子串.app */;
			productType = "com.apple.product-type.application";
		};
		A3B401D81DB79C350025EAF1 /* swift-字符串的子串Tests */ = {
			isa = PBXNativeTarget;
			buildConfigurationList = A3B401F01DB79C350025EAF1 /* Build configuration list for PBXNativeTarget "swift-字符串的子串Tests" */;
			buildPhases = (
				A3B401D51DB79C350025EAF1 /* Sources */,
				A3B401D61DB79C350025EAF1 /* Frameworks */,
				A3B401D71DB79C350025EAF1 /* Resources */,
			);
			buildRules = (
			);
			dependencies = (
				A3B401DB1DB79C350025EAF1 /* PBXTargetDependency */,
			);
			name = "swift-字符串的子串Tests";
			productName = "swift-字符串的子串Tests";
			productReference = A3B401D91DB79C350025EAF1 /* swift-字符串的子串Tests.xctest */;
			productType = "com.apple.product-type.bundle.unit-test";
		};
		A3B401E31DB79C350025EAF1 /* swift-字符串的子串UITests */ = {
			isa = PBXNativeTarget;
			buildConfigurationList = A3B401F31DB79C350025EAF1 /* Build configuration list for PBXNativeTarget "swift-字符串的子串UITests" */;
			buildPhases = (
				A3B401E01DB79C350025EAF1 /* Sources */,
				A3B401E11DB79C350025EAF1 /* Frameworks */,
				A3B401E21DB79C350025EAF1 /* Resources */,
			);
			buildRules = (
			);
			dependencies = (
				A3B401E61DB79C350025EAF1 /* PBXTargetDependency */,
			);
			name = "swift-字符串的子串UITests";
			productName = "swift-字符串的子串UITests";
			productReference = A3B401E41DB79C350025EAF1 /* swift-字符串的子串UITests.xctest */;
			productType = "com.apple.product-type.bundle.ui-testing";
		};
/* End PBXNativeTarget section */

/* Begin PBXProject section */
		A3B401BD1DB79C340025EAF1 /* Project object */ = {
			isa = PBXProject;
			attributes = {
				LastSwiftUpdateCheck = 0800;
				LastUpgradeCheck = 0800;
				ORGANIZATIONNAME = "陕西百益软件有限公司";
				TargetAttributes = {
					A3B401C41DB79C340025EAF1 = {
						CreatedOnToolsVersion = 8.0;
						ProvisioningStyle = Automatic;
					};
					A3B401D81DB79C350025EAF1 = {
						CreatedOnToolsVersion = 8.0;
						ProvisioningStyle = Automatic;
						TestTargetID = A3B401C41DB79C340025EAF1;
					};
					A3B401E31DB79C350025EAF1 = {
						CreatedOnToolsVersion = 8.0;
						ProvisioningStyle = Automatic;
						TestTargetID = A3B401C41DB79C340025EAF1;
					};
				};
			};
			buildConfigurationList = A3B401C01DB79C340025EAF1 /* Build configuration list for PBXProject "swift-字符串的子串" */;
			compatibilityVersion = "Xcode 3.2";
			developmentRegion = English;
			hasScannedForEncodings = 0;
			knownRegions = (
				en,
				Base,
			);
			mainGroup = A3B401BC1DB79C340025EAF1;
			productRefGroup = A3B401C61DB79C350025EAF1 /* Products */;
			projectDirPath = "";
			projectRoot = "";
			targets = (
				A3B401C41DB79C340025EAF1 /* swift-字符串的子串 */,
				A3B401D81DB79C350025EAF1 /* swift-字符串的子串Tests */,
				A3B401E31DB79C350025EAF1 /* swift-字符串的子串UITests */,
			);
		};
/* End PBXProject section */

/* Begin PBXResourcesBuildPhase section */
		A3B401C31DB79C340025EAF1 /* Resources */ = {
			isa = PBXResourcesBuildPhase;
			buildActionMask = 2147483647;
			files = (
				A3B401D31DB79C350025EAF1 /* LaunchScreen.storyboard in Resources */,
				A3B401D01DB79C350025EAF1 /* Assets.xcassets in Resources */,
				A3B401CE1DB79C350025EAF1 /* Main.storyboard in Resources */,
			);
			runOnlyForDeploymentPostprocessing = 0;
		};
		A3B401D71DB79C350025EAF1 /* Resources */ = {
			isa = PBXResourcesBuildPhase;
			buildActionMask = 2147483647;
			files = (
			);
			runOnlyForDeploymentPostprocessing = 0;
		};
		A3B401E21DB79C350025EAF1 /* Resources */ = {
			isa = PBXResourcesBuildPhase;
			buildActionMask = 2147483647;
			files = (
			);
			runOnlyForDeploymentPostprocessing = 0;
		};
/* End PBXResourcesBuildPhase section */

/* Begin PBXSourcesBuildPhase section */
		A3B401C11DB79C340025EAF1 /* Sources */ = {
			isa = PBXSourcesBuildPhase;
			buildActionMask = 2147483647;
			files = (
				A3B401CB1DB79C350025EAF1 /* ViewController.swift in Sources */,
				A3B401C91DB79C350025EAF1 /* AppDelegate.swift in Sources */,
			);
			runOnlyForDeploymentPostprocessing = 0;
		};
		A3B401D51DB79C350025EAF1 /* Sources */ = {
			isa = PBXSourcesBuildPhase;
			buildActionMask = 2147483647;
			files = (
				A3B401DE1DB79C350025EAF1 /* swift_______Tests.swift in Sources */,
			);
			runOnlyForDeploymentPostprocessing = 0;
		};
		A3B401E01DB79C350025EAF1 /* Sources */ = {
			isa = PBXSourcesBuildPhase;
			buildActionMask = 2147483647;
			files = (
				A3B401E91DB79C350025EAF1 /* swift_______UITests.swift in Sources */,
			);
			runOnlyForDeploymentPostprocessing = 0;
		};
/* End PBXSourcesBuildPhase section */

/* Begin PBXTargetDependency section */
		A3B401DB1DB79C350025EAF1 /* PBXTargetDependency */ = {
			isa = PBXTargetDependency;
			target = A3B401C41DB79C340025EAF1 /* swift-字符串的子串 */;
			targetProxy = A3B401DA1DB79C350025EAF1 /* PBXContainerItemProxy */;
		};
		A3B401E61DB79C350025EAF1 /* PBXTargetDependency */ = {
			isa = PBXTargetDependency;
			target = A3B401C41DB79C340025EAF1 /* swift-字符串的子串 */;
			targetProxy = A3B401E51DB79C350025EAF1 /* PBXContainerItemProxy */;
		};
/* End PBXTargetDependency section */

/* Begin PBXVariantGroup section */
		A3B401CC1DB79C350025EAF1 /* Main.storyboard */ = {
			isa = PBXVariantGroup;
			children = (
				A3B401CD1DB79C350025EAF1 /* Base */,
			);
			name = Main.storyboard;
			sourceTree = "<group>";
		};
		A3B401D11DB79C350025EAF1 /* LaunchScreen.storyboard */ = {
			isa = PBXVariantGroup;
			children = (
				A3B401D21DB79C350025EAF1 /* Base */,
			);
			name = LaunchScreen.storyboard;
			sourceTree = "<group>";
		};
/* End PBXVariantGroup section */

/* Begin XCBuildConfiguration section */
		A3B401EB1DB79C350025EAF1 /* Debug */ = {
			isa = XCBuildConfiguration;
			buildSettings = {
				ALWAYS_SEARCH_USER_PATHS = NO;
				CLANG_ANALYZER_NONNULL = YES;
				CLANG_CXX_LANGUAGE_STANDARD = "gnu++0x";
				CLANG_CXX_LIBRARY = "libc++";
				CLANG_ENABLE_MODULES = YES;
				CLANG_ENABLE_OBJC_ARC = YES;
				CLANG_WARN_BOOL_CONVERSION = YES;
				CLANG_WARN_CONSTANT_CONVERSION = YES;
				CLANG_WARN_DIRECT_OBJC_ISA_USAGE = YES_ERROR;
				CLANG_WARN_DOCUMENTATION_COMMENTS = YES;
				CLANG_WARN_EMPTY_BODY = YES;
				CLANG_WARN_ENUM_CONVERSION = YES;
				CLANG_WARN_INFINITE_RECURSION = YES;
				CLANG_WARN_INT_CONVERSION = YES;
				CLANG_WARN_OBJC_ROOT_CLASS = YES_ERROR;
				CLANG_WARN_SUSPICIOUS_MOVES = YES;
				CLANG_WARN_UNREACHABLE_CODE = YES;
				CLANG_WARN__DUPLICATE_METHOD_MATCH = YES;
				"CODE_SIGN_IDENTITY[sdk=iphoneos*]" = "iPhone Developer";
				COPY_PHASE_STRIP = NO;
				DEBUG_INFORMATION_FORMAT = dwarf;
				ENABLE_STRICT_OBJC_MSGSEND = YES;
				ENABLE_TESTABILITY = YES;
				GCC_C_LANGUAGE_STANDARD = gnu99;
				GCC_DYNAMIC_NO_PIC = NO;
				GCC_NO_COMMON_BLOCKS = YES;
				GCC_OPTIMIZATION_LEVEL = 0;
				GCC_PREPROCESSOR_DEFINITIONS = (
					"DEBUG=1",
					"$(inherited)",
				);
				GCC_WARN_64_TO_32_BIT_CONVERSION = YES;
				GCC_WARN_ABOUT_RETURN_TYPE = YES_ERROR;
				GCC_WARN_UNDECLARED_SELECTOR = YES;
				GCC_WARN_UNINITIALIZED_AUTOS = YES_AGGRESSIVE;
				GCC_WARN_UNUSED_FUNCTION = YES;
				GCC_WARN_UNUSED_VARIABLE = YES;
				IPHONEOS_DEPLOYMENT_TARGET = 10.0;
				MTL_ENABLE_DEBUG_INFO = YES;
				ONLY_ACTIVE_ARCH = YES;
				SDKROOT = iphoneos;
				SWIFT_ACTIVE_COMPILATION_CONDITIONS = DEBUG;
				SWIFT_OPTIMIZATION_LEVEL = "-Onone";
			};
			name = Debug;
		};
		A3B401EC1DB79C350025EAF1 /* Release */ = {
			isa = XCBuildConfiguration;
			buildSettings = {
				ALWAYS_SEARCH_USER_PATHS = NO;
				CLANG_ANALYZER_NONNULL = YES;
				CLANG_CXX_LANGUAGE_STANDARD = "gnu++0x";
				CLANG_CXX_LIBRARY = "libc++";
				CLANG_ENABLE_MODULES = YES;
				CLANG_ENABLE_OBJC_ARC = YES;
				CLANG_WARN_BOOL_CONVERSION = YES;
				CLANG_WARN_CONSTANT_CONVERSION = YES;
				CLANG_WARN_DIRECT_OBJC_ISA_USAGE = YES_ERROR;
				CLANG_WARN_DOCUMENTATION_COMMENTS = YES;
				CLANG_WARN_EMPTY_BODY = YES;
				CLANG_WARN_ENUM_CONVERSION = YES;
				CLANG_WARN_INFINITE_RECURSION = YES;
				CLANG_WARN_INT_CONVERSION = YES;
				CLANG_WARN_OBJC_ROOT_CLASS = YES_ERROR;
				CLANG_WARN_SUSPICIOUS_MOVES = YES;
				CLANG_WARN_UNREACHABLE_CODE = YES;
				CLANG_WARN__DUPLICATE_METHOD_MATCH = YES;
				"CODE_SIGN_IDENTITY[sdk=iphoneos*]" = "iPhone Developer";
				COPY_PHASE_STRIP = NO;
				DEBUG_INFORMATION_FORMAT = "dwarf-with-dsym";
				ENABLE_NS_ASSERTIONS = NO;
				ENABLE_STRICT_OBJC_MSGSEND = YES;
				GCC_C_LANGUAGE_STANDARD = gnu99;
				GCC_NO_COMMON_BLOCKS = YES;
				GCC_WARN_64_TO_32_BIT_CONVERSION = YES;
				GCC_WARN_ABOUT_RETURN_TYPE = YES_ERROR;
				GCC_WARN_UNDECLARED_SELECTOR = YES;
				GCC_WARN_UNINITIALIZED_AUTOS = YES_AGGRESSIVE;
				GCC_WARN_UNUSED_FUNCTION = YES;
				GCC_WARN_UNUSED_VARIABLE = YES;
				IPHONEOS_DEPLOYMENT_TARGET = 10.0;
				MTL_ENABLE_DEBUG_INFO = NO;
				SDKROOT = iphoneos;
				SWIFT_OPTIMIZATION_LEVEL = "-Owholemodule";
				VALIDATE_PRODUCT = YES;
			};
			name = Release;
		};
		A3B401EE1DB79C350025EAF1 /* Debug */ = {
			isa = XCBuildConfiguration;
			buildSettings = {
				ASSETCATALOG_COMPILER_APPICON_NAME = AppIcon;
				INFOPLIST_FILE = "swift-字符串的子串/Info.plist";
				LD_RUNPATH_SEARCH_PATHS = "$(inherited) @executable_path/Frameworks";
				PRODUCT_BUNDLE_IDENTIFIER = "com.tema.swift-------";
				PRODUCT_NAME = "$(TARGET_NAME)";
				SWIFT_VERSION = 3.0;
			};
			name = Debug;
		};
		A3B401EF1DB79C350025EAF1 /* Release */ = {
			isa = XCBuildConfiguration;
			buildSettings = {
				ASSETCATALOG_COMPILER_APPICON_NAME = AppIcon;
				INFOPLIST_FILE = "swift-字符串的子串/Info.plist";
				LD_RUNPATH_SEARCH_PATHS = "$(inherited) @executable_path/Frameworks";
				PRODUCT_BUNDLE_IDENTIFIER = "com.tema.swift-------";
				PRODUCT_NAME = "$(TARGET_NAME)";
				SWIFT_VERSION = 3.0;
			};
			name = Release;
		};
		A3B401F11DB79C350025EAF1 /* Debug */ = {
			isa = XCBuildConfiguration;
			buildSettings = {
				ALWAYS_EMBED_SWIFT_STANDARD_LIBRARIES = YES;
				BUNDLE_LOADER = "$(TEST_HOST)";
				INFOPLIST_FILE = "swift-字符串的子串Tests/Info.plist";
				LD_RUNPATH_SEARCH_PATHS = "$(inherited) @executable_path/Frameworks @loader_path/Frameworks";
				PRODUCT_BUNDLE_IDENTIFIER = "com.tema.swift-------Tests";
				PRODUCT_NAME = "$(TARGET_NAME)";
				SWIFT_VERSION = 3.0;
				TEST_HOST = "$(BUILT_PRODUCTS_DIR)/swift-字符串的子串.app/swift-字符串的子串";
			};
			name = Debug;
		};
		A3B401F21DB79C350025EAF1 /* Release */ = {
			isa = XCBuildConfiguration;
			buildSettings = {
				ALWAYS_EMBED_SWIFT_STANDARD_LIBRARIES = YES;
				BUNDLE_LOADER = "$(TEST_HOST)";
				INFOPLIST_FILE = "swift-字符串的子串Tests/Info.plist";
				LD_RUNPATH_SEARCH_PATHS = "$(inherited) @executable_path/Frameworks @loader_path/Frameworks";
				PRODUCT_BUNDLE_IDENTIFIER = "com.tema.swift-------Tests";
				PRODUCT_NAME = "$(TARGET_NAME)";
				SWIFT_VERSION = 3.0;
				TEST_HOST = "$(BUILT_PRODUCTS_DIR)/swift-字符串的子串.app/swift-字符串的子串";
			};
			name = Release;
		};
		A3B401F41DB79C350025EAF1 /* Debug */ = {
			isa = XCBuildConfiguration;
			buildSettings = {
				ALWAYS_EMBED_SWIFT_STANDARD_LIBRARIES = YES;
				INFOPLIST_FILE = "swift-字符串的子串UITests/Info.plist";
				LD_RUNPATH_SEARCH_PATHS = "$(inherited) @executable_path/Frameworks @loader_path/Frameworks";
				PRODUCT_BUNDLE_IDENTIFIER = "com.tema.swift-------UITests";
				PRODUCT_NAME = "$(TARGET_NAME)";
				SWIFT_VERSION = 3.0;
				TEST_TARGET_NAME = "swift-字符串的子串";
			};
			name = Debug;
		};
		A3B401F51DB79C350025EAF1 /* Release */ = {
			isa = XCBuildConfiguration;
			buildSettings = {
				ALWAYS_EMBED_SWIFT_STANDARD_LIBRARIES = YES;
				INFOPLIST_FILE = "swift-字符串的子串UITests/Info.plist";
				LD_RUNPATH_SEARCH_PATHS = "$(inherited) @executable_path/Frameworks @loader_path/Frameworks";
				PRODUCT_BUNDLE_IDENTIFIER = "com.tema.swift-------UITests";
				PRODUCT_NAME = "$(TARGET_NAME)";
				SWIFT_VERSION = 3.0;
				TEST_TARGET_NAME = "swift-字符串的子串";
			};
			name = Release;
		};
/* End XCBuildConfiguration section */

/* Begin XCConfigurationList section */
		A3B401C01DB79C340025EAF1 /* Build configuration list for PBXProject "swift-字符串的子串" */ = {
			isa = XCConfigurationList;
			buildConfigurations = (
				A3B401EB1DB79C350025EAF1 /* Debug */,
				A3B401EC1DB79C350025EAF1 /* Release */,
			);
			defaultConfigurationIsVisible = 0;
			defaultConfigurationName = Release;
		};
		A3B401ED1DB79C350025EAF1 /* Build configuration list for PBXNativeTarget "swift-字符串的子串" */ = {
			isa = XCConfigurationList;
			buildConfigurations = (
				A3B401EE1DB79C350025EAF1 /* Debug */,
				A3B401EF1DB79C350025EAF1 /* Release */,
			);
			defaultConfigurationIsVisible = 0;
		};
		A3B401F01DB79C350025EAF1 /* Build configuration list for PBXNativeTarget "swift-字符串的子串Tests" */ = {
			isa = XCConfigurationList;
			buildConfigurations = (
				A3B401F11DB79C350025EAF1 /* Debug */,
				A3B401F21DB79C350025EAF1 /* Release */,
			);
			defaultConfigurationIsVisible = 0;
		};
		A3B401F31DB79C350025EAF1 /* Build configuration list for PBXNativeTarget "swift-字符串的子串UITests" */ = {
			isa = XCConfigurationList;
			buildConfigurations = (
				A3B401F41DB79C350025EAF1 /* Debug */,
				A3B401F51DB79C350025EAF1 /* Release */,
			);
			defaultConfigurationIsVisible = 0;
		};
/* End XCConfigurationList section */
	};
	rootObject = A3B401BD1DB79C340025EAF1 /* Project object */;
}
