// !$*UTF8*$!
{
	archiveVersion = 1;
	classes = {
	};
	objectVersion = 46;
	objects = {

/* Begin PBXBuildFile section */
		A35BF8AA1F03DA5E00C5B1A6 /* Script.swift in Sources */ = {isa = PBXBuildFile; fileRef = A35BF8A91F03DA5E00C5B1A6 /* Script.swift */; };
		A35BF8AC1F03DE5100C5B1A6 /* Main.storyboard in Resources */ = {isa = PBXBuildFile; fileRef = A35BF8AB1F03DE5100C5B1A6 /* Main.storyboard */; };
		B674D9EA1F0345570022B3D6 /* AppDelegate.swift in Sources */ = {isa = PBXBuildFile; fileRef = B674D9E91F0345570022B3D6 /* AppDelegate.swift */; };
		B674D9EC1F0345580022B3D6 /* ViewController.swift in Sources */ = {isa = PBXBuildFile; fileRef = B674D9EB1F0345580022B3D6 /* ViewController.swift */; };
		B674D9F11F0345580022B3D6 /* Assets.xcassets in Resources */ = {isa = PBXBuildFile; fileRef = B674D9F01F0345580022B3D6 /* Assets.xcassets */; };
		B674D9F41F0345580022B3D6 /* LaunchScreen.storyboard in Resources */ = {isa = PBXBuildFile; fileRef = B674D9F21F0345580022B3D6 /* LaunchScreen.storyboard */; };
		B674D9FF1F0345580022B3D6 /* Swift_SubscriptTests.swift in Sources */ = {isa = PBXBuildFile; fileRef = B674D9FE1F0345580022B3D6 /* Swift_SubscriptTests.swift */; };
		B674DA0A1F0345580022B3D6 /* Swift_SubscriptUITests.swift in Sources */ = {isa = PBXBuildFile; fileRef = B674DA091F0345580022B3D6 /* Swift_SubscriptUITests.swift */; };
/* End PBXBuildFile section */

/* Begin PBXContainerItemProxy section */
		B674D9FB1F0345580022B3D6 /* PBXContainerItemProxy */ = {
			isa = PBXContainerItemProxy;
			containerPortal = B674D9DE1F0345570022B3D6 /* Project object */;
			proxyType = 1;
			remoteGlobalIDString = B674D9E51F0345570022B3D6;
			remoteInfo = "Swift-Subscript";
		};
		B674DA061F0345580022B3D6 /* PBXContainerItemProxy */ = {
			isa = PBXContainerItemProxy;
			containerPortal = B674D9DE1F0345570022B3D6 /* Project object */;
			proxyType = 1;
			remoteGlobalIDString = B674D9E51F0345570022B3D6;
			remoteInfo = "Swift-Subscript";
		};
/* End PBXContainerItemProxy section */

/* Begin PBXFileReference section */
		A35BF8A91F03DA5E00C5B1A6 /* Script.swift */ = {isa = PBXFileReference; fileEncoding = 4; lastKnownFileType = sourcecode.swift; path = Script.swift; sourceTree = "<group>"; };
		A35BF8AB1F03DE5100C5B1A6 /* Main.storyboard */ = {isa = PBXFileReference; fileEncoding = 4; lastKnownFileType = file.storyboard; path = Main.storyboard; sourceTree = "<group>"; };
		B674D9E61F0345570022B3D6 /* Swift-Subscript.app */ = {isa = PBXFileReference; explicitFileType = wrapper.application; includeInIndex = 0; path = "Swift-Subscript.app"; sourceTree = BUILT_PRODUCTS_DIR; };
		B674D9E91F0345570022B3D6 /* AppDelegate.swift */ = {isa = PBXFileReference; lastKnownFileType = sourcecode.swift; path = AppDelegate.swift; sourceTree = "<group>"; };
		B674D9EB1F0345580022B3D6 /* ViewController.swift */ = {isa = PBXFileReference; lastKnownFileType = sourcecode.swift; path = ViewController.swift; sourceTree = "<group>"; };
		B674D9F01F0345580022B3D6 /* Assets.xcassets */ = {isa = PBXFileReference; lastKnownFileType = folder.assetcatalog; path = Assets.xcassets; sourceTree = "<group>"; };
		B674D9F31F0345580022B3D6 /* Base */ = {isa = PBXFileReference; lastKnownFileType = file.storyboard; name = Base; path = Base.lproj/LaunchScreen.storyboard; sourceTree = "<group>"; };
		B674D9F51F0345580022B3D6 /* Info.plist */ = {isa = PBXFileReference; lastKnownFileType = text.plist.xml; path = Info.plist; sourceTree = "<group>"; };
		B674D9FA1F0345580022B3D6 /* Swift-SubscriptTests.xctest */ = {isa = PBXFileReference; explicitFileType = wrapper.cfbundle; includeInIndex = 0; path = "Swift-SubscriptTests.xctest"; sourceTree = BUILT_PRODUCTS_DIR; };
		B674D9FE1F0345580022B3D6 /* Swift_SubscriptTests.swift */ = {isa = PBXFileReference; lastKnownFileType = sourcecode.swift; path = Swift_SubscriptTests.swift; sourceTree = "<group>"; };
		B674DA001F0345580022B3D6 /* Info.plist */ = {isa = PBXFileReference; lastKnownFileType = text.plist.xml; path = Info.plist; sourceTree = "<group>"; };
		B674DA051F0345580022B3D6 /* Swift-SubscriptUITests.xctest */ = {isa = PBXFileReference; explicitFileType = wrapper.cfbundle; includeInIndex = 0; path = "Swift-SubscriptUITests.xctest"; sourceTree = BUILT_PRODUCTS_DIR; };
		B674DA091F0345580022B3D6 /* Swift_SubscriptUITests.swift */ = {isa = PBXFileReference; lastKnownFileType = sourcecode.swift; path = Swift_SubscriptUITests.swift; sourceTree = "<group>"; };
		B674DA0B1F0345580022B3D6 /* Info.plist */ = {isa = PBXFileReference; lastKnownFileType = text.plist.xml; path = Info.plist; sourceTree = "<group>"; };
/* End PBXFileReference section */

/* Begin PBXFrameworksBuildPhase section */
		B674D9E31F0345570022B3D6 /* Frameworks */ = {
			isa = PBXFrameworksBuildPhase;
			buildActionMask = 2147483647;
			files = (
			);
			runOnlyForDeploymentPostprocessing = 0;
		};
		B674D9F71F0345580022B3D6 /* Frameworks */ = {
			isa = PBXFrameworksBuildPhase;
			buildActionMask = 2147483647;
			files = (
			);
			runOnlyForDeploymentPostprocessing = 0;
		};
		B674DA021F0345580022B3D6 /* Frameworks */ = {
			isa = PBXFrameworksBuildPhase;
			buildActionMask = 2147483647;
			files = (
			);
			runOnlyForDeploymentPostprocessing = 0;
		};
/* End PBXFrameworksBuildPhase section */

/* Begin PBXGroup section */
		B674D9DD1F0345570022B3D6 = {
			isa = PBXGroup;
			children = (
				B674D9E81F0345570022B3D6 /* Swift-Subscript */,
				B674D9FD1F0345580022B3D6 /* Swift-SubscriptTests */,
				B674DA081F0345580022B3D6 /* Swift-SubscriptUITests */,
				B674D9E71F0345570022B3D6 /* Products */,
			);
			sourceTree = "<group>";
		};
		B674D9E71F0345570022B3D6 /* Products */ = {
			isa = PBXGroup;
			children = (
				B674D9E61F0345570022B3D6 /* Swift-Subscript.app */,
				B674D9FA1F0345580022B3D6 /* Swift-SubscriptTests.xctest */,
				B674DA051F0345580022B3D6 /* Swift-SubscriptUITests.xctest */,
			);
			name = Products;
			sourceTree = "<group>";
		};
		B674D9E81F0345570022B3D6 /* Swift-Subscript */ = {
			isa = PBXGroup;
			children = (
				B674D9E91F0345570022B3D6 /* AppDelegate.swift */,
				B674D9EB1F0345580022B3D6 /* ViewController.swift */,
				A35BF8AB1F03DE5100C5B1A6 /* Main.storyboard */,
				A35BF8A91F03DA5E00C5B1A6 /* Script.swift */,
				B674D9F01F0345580022B3D6 /* Assets.xcassets */,
				B674D9F21F0345580022B3D6 /* LaunchScreen.storyboard */,
				B674D9F51F0345580022B3D6 /* Info.plist */,
			);
			path = "Swift-Subscript";
			sourceTree = "<group>";
		};
		B674D9FD1F0345580022B3D6 /* Swift-SubscriptTests */ = {
			isa = PBXGroup;
			children = (
				B674D9FE1F0345580022B3D6 /* Swift_SubscriptTests.swift */,
				B674DA001F0345580022B3D6 /* Info.plist */,
			);
			path = "Swift-SubscriptTests";
			sourceTree = "<group>";
		};
		B674DA081F0345580022B3D6 /* Swift-SubscriptUITests */ = {
			isa = PBXGroup;
			children = (
				B674DA091F0345580022B3D6 /* Swift_SubscriptUITests.swift */,
				B674DA0B1F0345580022B3D6 /* Info.plist */,
			);
			path = "Swift-SubscriptUITests";
			sourceTree = "<group>";
		};
/* End PBXGroup section */

/* Begin PBXNativeTarget section */
		B674D9E51F0345570022B3D6 /* Swift-Subscript */ = {
			isa = PBXNativeTarget;
			buildConfigurationList = B674DA0E1F0345580022B3D6 /* Build configuration list for PBXNativeTarget "Swift-Subscript" */;
			buildPhases = (
				B674D9E21F0345570022B3D6 /* Sources */,
				B674D9E31F0345570022B3D6 /* Frameworks */,
				B674D9E41F0345570022B3D6 /* Resources */,
			);
			buildRules = (
			);
			dependencies = (
			);
			name = "Swift-Subscript";
			productName = "Swift-Subscript";
			productReference = B674D9E61F0345570022B3D6 /* Swift-Subscript.app */;
			productType = "com.apple.product-type.application";
		};
		B674D9F91F0345580022B3D6 /* Swift-SubscriptTests */ = {
			isa = PBXNativeTarget;
			buildConfigurationList = B674DA111F0345580022B3D6 /* Build configuration list for PBXNativeTarget "Swift-SubscriptTests" */;
			buildPhases = (
				B674D9F61F0345580022B3D6 /* Sources */,
				B674D9F71F0345580022B3D6 /* Frameworks */,
				B674D9F81F0345580022B3D6 /* Resources */,
			);
			buildRules = (
			);
			dependencies = (
				B674D9FC1F0345580022B3D6 /* PBXTargetDependency */,
			);
			name = "Swift-SubscriptTests";
			productName = "Swift-SubscriptTests";
			productReference = B674D9FA1F0345580022B3D6 /* Swift-SubscriptTests.xctest */;
			productType = "com.apple.product-type.bundle.unit-test";
		};
		B674DA041F0345580022B3D6 /* Swift-SubscriptUITests */ = {
			isa = PBXNativeTarget;
			buildConfigurationList = B674DA141F0345580022B3D6 /* Build configuration list for PBXNativeTarget "Swift-SubscriptUITests" */;
			buildPhases = (
				B674DA011F0345580022B3D6 /* Sources */,
				B674DA021F0345580022B3D6 /* Frameworks */,
				B674DA031F0345580022B3D6 /* Resources */,
			);
			buildRules = (
			);
			dependencies = (
				B674DA071F0345580022B3D6 /* PBXTargetDependency */,
			);
			name = "Swift-SubscriptUITests";
			productName = "Swift-SubscriptUITests";
			productReference = B674DA051F0345580022B3D6 /* Swift-SubscriptUITests.xctest */;
			productType = "com.apple.product-type.bundle.ui-testing";
		};
/* End PBXNativeTarget section */

/* Begin PBXProject section */
		B674D9DE1F0345570022B3D6 /* Project object */ = {
			isa = PBXProject;
			attributes = {
				LastSwiftUpdateCheck = 0830;
				LastUpgradeCheck = 0830;
				ORGANIZATIONNAME = "陕西百益软件有限公司";
				TargetAttributes = {
					B674D9E51F0345570022B3D6 = {
						CreatedOnToolsVersion = 8.3.2;
						DevelopmentTeam = P9VHF7G578;
						ProvisioningStyle = Automatic;
					};
					B674D9F91F0345580022B3D6 = {
						CreatedOnToolsVersion = 8.3.2;
						DevelopmentTeam = P9VHF7G578;
						ProvisioningStyle = Automatic;
						TestTargetID = B674D9E51F0345570022B3D6;
					};
					B674DA041F0345580022B3D6 = {
						CreatedOnToolsVersion = 8.3.2;
						DevelopmentTeam = P9VHF7G578;
						ProvisioningStyle = Automatic;
						TestTargetID = B674D9E51F0345570022B3D6;
					};
				};
			};
			buildConfigurationList = B674D9E11F0345570022B3D6 /* Build configuration list for PBXProject "Swift-Subscript" */;
			compatibilityVersion = "Xcode 3.2";
			developmentRegion = English;
			hasScannedForEncodings = 0;
			knownRegions = (
				en,
				Base,
			);
			mainGroup = B674D9DD1F0345570022B3D6;
			productRefGroup = B674D9E71F0345570022B3D6 /* Products */;
			projectDirPath = "";
			projectRoot = "";
			targets = (
				B674D9E51F0345570022B3D6 /* Swift-Subscript */,
				B674D9F91F0345580022B3D6 /* Swift-SubscriptTests */,
				B674DA041F0345580022B3D6 /* Swift-SubscriptUITests */,
			);
		};
/* End PBXProject section */

/* Begin PBXResourcesBuildPhase section */
		B674D9E41F0345570022B3D6 /* Resources */ = {
			isa = PBXResourcesBuildPhase;
			buildActionMask = 2147483647;
			files = (
				A35BF8AC1F03DE5100C5B1A6 /* Main.storyboard in Resources */,
				B674D9F41F0345580022B3D6 /* LaunchScreen.storyboard in Resources */,
				B674D9F11F0345580022B3D6 /* Assets.xcassets in Resources */,
			);
			runOnlyForDeploymentPostprocessing = 0;
		};
		B674D9F81F0345580022B3D6 /* Resources */ = {
			isa = PBXResourcesBuildPhase;
			buildActionMask = 2147483647;
			files = (
			);
			runOnlyForDeploymentPostprocessing = 0;
		};
		B674DA031F0345580022B3D6 /* Resources */ = {
			isa = PBXResourcesBuildPhase;
			buildActionMask = 2147483647;
			files = (
			);
			runOnlyForDeploymentPostprocessing = 0;
		};
/* End PBXResourcesBuildPhase section */

/* Begin PBXSourcesBuildPhase section */
		B674D9E21F0345570022B3D6 /* Sources */ = {
			isa = PBXSourcesBuildPhase;
			buildActionMask = 2147483647;
			files = (
				B674D9EC1F0345580022B3D6 /* ViewController.swift in Sources */,
				A35BF8AA1F03DA5E00C5B1A6 /* Script.swift in Sources */,
				B674D9EA1F0345570022B3D6 /* AppDelegate.swift in Sources */,
			);
			runOnlyForDeploymentPostprocessing = 0;
		};
		B674D9F61F0345580022B3D6 /* Sources */ = {
			isa = PBXSourcesBuildPhase;
			buildActionMask = 2147483647;
			files = (
				B674D9FF1F0345580022B3D6 /* Swift_SubscriptTests.swift in Sources */,
			);
			runOnlyForDeploymentPostprocessing = 0;
		};
		B674DA011F0345580022B3D6 /* Sources */ = {
			isa = PBXSourcesBuildPhase;
			buildActionMask = 2147483647;
			files = (
				B674DA0A1F0345580022B3D6 /* Swift_SubscriptUITests.swift in Sources */,
			);
			runOnlyForDeploymentPostprocessing = 0;
		};
/* End PBXSourcesBuildPhase section */

/* Begin PBXTargetDependency section */
		B674D9FC1F0345580022B3D6 /* PBXTargetDependency */ = {
			isa = PBXTargetDependency;
			target = B674D9E51F0345570022B3D6 /* Swift-Subscript */;
			targetProxy = B674D9FB1F0345580022B3D6 /* PBXContainerItemProxy */;
		};
		B674DA071F0345580022B3D6 /* PBXTargetDependency */ = {
			isa = PBXTargetDependency;
			target = B674D9E51F0345570022B3D6 /* Swift-Subscript */;
			targetProxy = B674DA061F0345580022B3D6 /* PBXContainerItemProxy */;
		};
/* End PBXTargetDependency section */

/* Begin PBXVariantGroup section */
		B674D9F21F0345580022B3D6 /* LaunchScreen.storyboard */ = {
			isa = PBXVariantGroup;
			children = (
				B674D9F31F0345580022B3D6 /* Base */,
			);
			name = LaunchScreen.storyboard;
			sourceTree = "<group>";
		};
/* End PBXVariantGroup section */

/* Begin XCBuildConfiguration section */
		B674DA0C1F0345580022B3D6 /* Debug */ = {
			isa = XCBuildConfiguration;
			buildSettings = {
				ALWAYS_SEARCH_USER_PATHS = NO;
				CLANG_ANALYZER_NONNULL = YES;
				CLANG_ANALYZER_NUMBER_OBJECT_CONVERSION = YES_AGGRESSIVE;
				CLANG_CXX_LANGUAGE_STANDARD = "gnu++0x";
				CLANG_CXX_LIBRARY = "libc++";
				CLANG_ENABLE_MODULES = YES;
				CLANG_ENABLE_OBJC_ARC = YES;
				CLANG_WARN_BOOL_CONVERSION = YES;
				CLANG_WARN_CONSTANT_CONVERSION = YES;
				CLANG_WARN_DIRECT_OBJC_ISA_USAGE = YES_ERROR;
				CLANG_WARN_DOCUMENTATION_COMMENTS = YES;
				CLANG_WARN_EMPTY_BODY = YES;
				CLANG_WARN_ENUM_CONVERSION = YES;
				CLANG_WARN_INFINITE_RECURSION = YES;
				CLANG_WARN_INT_CONVERSION = YES;
				CLANG_WARN_OBJC_ROOT_CLASS = YES_ERROR;
				CLANG_WARN_SUSPICIOUS_MOVE = YES;
				CLANG_WARN_UNREACHABLE_CODE = YES;
				CLANG_WARN__DUPLICATE_METHOD_MATCH = YES;
				"CODE_SIGN_IDENTITY[sdk=iphoneos*]" = "iPhone Developer";
				COPY_PHASE_STRIP = NO;
				DEBUG_INFORMATION_FORMAT = dwarf;
				ENABLE_STRICT_OBJC_MSGSEND = YES;
				ENABLE_TESTABILITY = YES;
				GCC_C_LANGUAGE_STANDARD = gnu99;
				GCC_DYNAMIC_NO_PIC = NO;
				GCC_NO_COMMON_BLOCKS = YES;
				GCC_OPTIMIZATION_LEVEL = 0;
				GCC_PREPROCESSOR_DEFINITIONS = (
					"DEBUG=1",
					"$(inherited)",
				);
				GCC_WARN_64_TO_32_BIT_CONVERSION = YES;
				GCC_WARN_ABOUT_RETURN_TYPE = YES_ERROR;
				GCC_WARN_UNDECLARED_SELECTOR = YES;
				GCC_WARN_UNINITIALIZED_AUTOS = YES_AGGRESSIVE;
				GCC_WARN_UNUSED_FUNCTION = YES;
				GCC_WARN_UNUSED_VARIABLE = YES;
				IPHONEOS_DEPLOYMENT_TARGET = 10.3;
				MTL_ENABLE_DEBUG_INFO = YES;
				ONLY_ACTIVE_ARCH = YES;
				SDKROOT = iphoneos;
				SWIFT_ACTIVE_COMPILATION_CONDITIONS = DEBUG;
				SWIFT_OPTIMIZATION_LEVEL = "-Onone";
				TARGETED_DEVICE_FAMILY = "1,2";
			};
			name = Debug;
		};
		B674DA0D1F0345580022B3D6 /* Release */ = {
			isa = XCBuildConfiguration;
			buildSettings = {
				ALWAYS_SEARCH_USER_PATHS = NO;
				CLANG_ANALYZER_NONNULL = YES;
				CLANG_ANALYZER_NUMBER_OBJECT_CONVERSION = YES_AGGRESSIVE;
				CLANG_CXX_LANGUAGE_STANDARD = "gnu++0x";
				CLANG_CXX_LIBRARY = "libc++";
				CLANG_ENABLE_MODULES = YES;
				CLANG_ENABLE_OBJC_ARC = YES;
				CLANG_WARN_BOOL_CONVERSION = YES;
				CLANG_WARN_CONSTANT_CONVERSION = YES;
				CLANG_WARN_DIRECT_OBJC_ISA_USAGE = YES_ERROR;
				CLANG_WARN_DOCUMENTATION_COMMENTS = YES;
				CLANG_WARN_EMPTY_BODY = YES;
				CLANG_WARN_ENUM_CONVERSION = YES;
				CLANG_WARN_INFINITE_RECURSION = YES;
				CLANG_WARN_INT_CONVERSION = YES;
				CLANG_WARN_OBJC_ROOT_CLASS = YES_ERROR;
				CLANG_WARN_SUSPICIOUS_MOVE = YES;
				CLANG_WARN_UNREACHABLE_CODE = YES;
				CLANG_WARN__DUPLICATE_METHOD_MATCH = YES;
				"CODE_SIGN_IDENTITY[sdk=iphoneos*]" = "iPhone Developer";
				COPY_PHASE_STRIP = NO;
				DEBUG_INFORMATION_FORMAT = "dwarf-with-dsym";
				ENABLE_NS_ASSERTIONS = NO;
				ENABLE_STRICT_OBJC_MSGSEND = YES;
				GCC_C_LANGUAGE_STANDARD = gnu99;
				GCC_NO_COMMON_BLOCKS = YES;
				GCC_WARN_64_TO_32_BIT_CONVERSION = YES;
				GCC_WARN_ABOUT_RETURN_TYPE = YES_ERROR;
				GCC_WARN_UNDECLARED_SELECTOR = YES;
				GCC_WARN_UNINITIALIZED_AUTOS = YES_AGGRESSIVE;
				GCC_WARN_UNUSED_FUNCTION = YES;
				GCC_WARN_UNUSED_VARIABLE = YES;
				IPHONEOS_DEPLOYMENT_TARGET = 10.3;
				MTL_ENABLE_DEBUG_INFO = NO;
				SDKROOT = iphoneos;
				SWIFT_OPTIMIZATION_LEVEL = "-Owholemodule";
				TARGETED_DEVICE_FAMILY = "1,2";
				VALIDATE_PRODUCT = YES;
			};
			name = Release;
		};
		B674DA0F1F0345580022B3D6 /* Debug */ = {
			isa = XCBuildConfiguration;
			buildSettings = {
				ASSETCATALOG_COMPILER_APPICON_NAME = AppIcon;
				DEVELOPMENT_TEAM = P9VHF7G578;
				INFOPLIST_FILE = "Swift-Subscript/Info.plist";
				IPHONEOS_DEPLOYMENT_TARGET = 8.3;
				LD_RUNPATH_SEARCH_PATHS = "$(inherited) @executable_path/Frameworks";
				PRODUCT_BUNDLE_IDENTIFIER = "com.baiyisoftware.tema.Swift-Subscript";
				PRODUCT_NAME = "$(TARGET_NAME)";
				SWIFT_VERSION = 3.0;
			};
			name = Debug;
		};
		B674DA101F0345580022B3D6 /* Release */ = {
			isa = XCBuildConfiguration;
			buildSettings = {
				ASSETCATALOG_COMPILER_APPICON_NAME = AppIcon;
				DEVELOPMENT_TEAM = P9VHF7G578;
				INFOPLIST_FILE = "Swift-Subscript/Info.plist";
				IPHONEOS_DEPLOYMENT_TARGET = 8.3;
				LD_RUNPATH_SEARCH_PATHS = "$(inherited) @executable_path/Frameworks";
				PRODUCT_BUNDLE_IDENTIFIER = "com.baiyisoftware.tema.Swift-Subscript";
				PRODUCT_NAME = "$(TARGET_NAME)";
				SWIFT_VERSION = 3.0;
			};
			name = Release;
		};
		B674DA121F0345580022B3D6 /* Debug */ = {
			isa = XCBuildConfiguration;
			buildSettings = {
				ALWAYS_EMBED_SWIFT_STANDARD_LIBRARIES = YES;
				BUNDLE_LOADER = "$(TEST_HOST)";
				DEVELOPMENT_TEAM = P9VHF7G578;
				INFOPLIST_FILE = "Swift-SubscriptTests/Info.plist";
				LD_RUNPATH_SEARCH_PATHS = "$(inherited) @executable_path/Frameworks @loader_path/Frameworks";
				PRODUCT_BUNDLE_IDENTIFIER = "com.baiyisoftware.tema.Swift-SubscriptTests";
				PRODUCT_NAME = "$(TARGET_NAME)";
				SWIFT_VERSION = 3.0;
				TEST_HOST = "$(BUILT_PRODUCTS_DIR)/Swift-Subscript.app/Swift-Subscript";
			};
			name = Debug;
		};
		B674DA131F0345580022B3D6 /* Release */ = {
			isa = XCBuildConfiguration;
			buildSettings = {
				ALWAYS_EMBED_SWIFT_STANDARD_LIBRARIES = YES;
				BUNDLE_LOADER = "$(TEST_HOST)";
				DEVELOPMENT_TEAM = P9VHF7G578;
				INFOPLIST_FILE = "Swift-SubscriptTests/Info.plist";
				LD_RUNPATH_SEARCH_PATHS = "$(inherited) @executable_path/Frameworks @loader_path/Frameworks";
				PRODUCT_BUNDLE_IDENTIFIER = "com.baiyisoftware.tema.Swift-SubscriptTests";
				PRODUCT_NAME = "$(TARGET_NAME)";
				SWIFT_VERSION = 3.0;
				TEST_HOST = "$(BUILT_PRODUCTS_DIR)/Swift-Subscript.app/Swift-Subscript";
			};
			name = Release;
		};
		B674DA151F0345580022B3D6 /* Debug */ = {
			isa = XCBuildConfiguration;
			buildSettings = {
				ALWAYS_EMBED_SWIFT_STANDARD_LIBRARIES = YES;
				DEVELOPMENT_TEAM = P9VHF7G578;
				INFOPLIST_FILE = "Swift-SubscriptUITests/Info.plist";
				LD_RUNPATH_SEARCH_PATHS = "$(inherited) @executable_path/Frameworks @loader_path/Frameworks";
				PRODUCT_BUNDLE_IDENTIFIER = "com.baiyisoftware.tema.Swift-SubscriptUITests";
				PRODUCT_NAME = "$(TARGET_NAME)";
				SWIFT_VERSION = 3.0;
				TEST_TARGET_NAME = "Swift-Subscript";
			};
			name = Debug;
		};
		B674DA161F0345580022B3D6 /* Release */ = {
			isa = XCBuildConfiguration;
			buildSettings = {
				ALWAYS_EMBED_SWIFT_STANDARD_LIBRARIES = YES;
				DEVELOPMENT_TEAM = P9VHF7G578;
				INFOPLIST_FILE = "Swift-SubscriptUITests/Info.plist";
				LD_RUNPATH_SEARCH_PATHS = "$(inherited) @executable_path/Frameworks @loader_path/Frameworks";
				PRODUCT_BUNDLE_IDENTIFIER = "com.baiyisoftware.tema.Swift-SubscriptUITests";
				PRODUCT_NAME = "$(TARGET_NAME)";
				SWIFT_VERSION = 3.0;
				TEST_TARGET_NAME = "Swift-Subscript";
			};
			name = Release;
		};
/* End XCBuildConfiguration section */

/* Begin XCConfigurationList section */
		B674D9E11F0345570022B3D6 /* Build configuration list for PBXProject "Swift-Subscript" */ = {
			isa = XCConfigurationList;
			buildConfigurations = (
				B674DA0C1F0345580022B3D6 /* Debug */,
				B674DA0D1F0345580022B3D6 /* Release */,
			);
			defaultConfigurationIsVisible = 0;
			defaultConfigurationName = Release;
		};
		B674DA0E1F0345580022B3D6 /* Build configuration list for PBXNativeTarget "Swift-Subscript" */ = {
			isa = XCConfigurationList;
			buildConfigurations = (
				B674DA0F1F0345580022B3D6 /* Debug */,
				B674DA101F0345580022B3D6 /* Release */,
			);
			defaultConfigurationIsVisible = 0;
			defaultConfigurationName = Release;
		};
		B674DA111F0345580022B3D6 /* Build configuration list for PBXNativeTarget "Swift-SubscriptTests" */ = {
			isa = XCConfigurationList;
			buildConfigurations = (
				B674DA121F0345580022B3D6 /* Debug */,
				B674DA131F0345580022B3D6 /* Release */,
			);
			defaultConfigurationIsVisible = 0;
			defaultConfigurationName = Release;
		};
		B674DA141F0345580022B3D6 /* Build configuration list for PBXNativeTarget "Swift-SubscriptUITests" */ = {
			isa = XCConfigurationList;
			buildConfigurations = (
				B674DA151F0345580022B3D6 /* Debug */,
				B674DA161F0345580022B3D6 /* Release */,
			);
			defaultConfigurationIsVisible = 0;
			defaultConfigurationName = Release;
		};
/* End XCConfigurationList section */
	};
	rootObject = B674D9DE1F0345570022B3D6 /* Project object */;
}
